
Microsoft Visual Studio Solution File, Format Version 12.00
# Visual Studio 15
VisualStudioVersion = 15.0.28307.136
MinimumVisualStudioVersion = 10.0.40219.1
Project("{FAE04EC0-301F-11D3-BF4B-00C04F79EFBC}") = "SAR.NHibernate.OracleManagedDriver", "SAR.NHibernate.OracleManagedDriver\SAR.NHibernate.OracleManagedDriver.csproj", "{FD006A3B-1BBA-48B2-8B8D-B9EB2C5818F7}"
EndProject
Global
	GlobalSection(SolutionConfigurationPlatforms) = preSolution
		Debug|Any CPU = Debug|Any CPU
		Release|Any CPU = Release|Any CPU
	EndGlobalSection
	GlobalSection(ProjectConfigurationPlatforms) = postSolution
		{FD006A3B-1BBA-48B2-8B8D-B9EB2C5818F7}.Debug|Any CPU.ActiveCfg = Debug|Any CPU
		{FD006A3B-1BBA-48B2-8B8D-B9EB2C5818F7}.Debug|Any CPU.Build.0 = Debug|Any CPU
		{FD006A3B-1BBA-48B2-8B8D-B9EB2C5818F7}.Release|Any CPU.ActiveCfg = Release|Any CPU
		{FD006A3B-1BBA-48B2-8B8D-B9EB2C5818F7}.Release|Any CPU.Build.0 = Release|Any CPU
	EndGlobalSection
	GlobalSection(SolutionProperties) = preSolution
		HideSolutionNode = FALSE
	EndGlobalSection
	GlobalSection(ExtensibilityGlobals) = postSolution
		SolutionGuid = {0A7D6222-CAE8-498A-A646-5C25060F5D33}
	EndGlobalSection
EndGlobal
